
Microsoft Visual Studio Solution File, Format Version 12.00
Project("{FAE04EC0-301F-11D3-BF4B-00C04F79EFBC}") = "CheckoutKata", "CheckoutKata.csproj", "{DC3B947E-1C30-4262-AB0E-61697369453B}"
EndProject
Project("{FAE04EC0-301F-11D3-BF4B-00C04F79EFBC}") = "Tests", "Tests\Tests.csproj", "{20E2CD48-5F36-4B59-BCC8-5CA4D232068D}"
EndProject
Global
	GlobalSection(SolutionConfigurationPlatforms) = preSolution
		Debug|Any CPU = Debug|Any CPU
		Release|Any CPU = Release|Any CPU
	EndGlobalSection
	GlobalSection(ProjectConfigurationPlatforms) = postSolution
		{DC3B947E-1C30-4262-AB0E-61697369453B}.Debug|Any CPU.ActiveCfg = Debug|Any CPU
		{DC3B947E-1C30-4262-AB0E-61697369453B}.Debug|Any CPU.Build.0 = Debug|Any CPU
		{DC3B947E-1C30-4262-AB0E-61697369453B}.Release|Any CPU.ActiveCfg = Release|Any CPU
		{DC3B947E-1C30-4262-AB0E-61697369453B}.Release|Any CPU.Build.0 = Release|Any CPU
		{20E2CD48-5F36-4B59-BCC8-5CA4D232068D}.Debug|Any CPU.ActiveCfg = Debug|Any CPU
		{20E2CD48-5F36-4B59-BCC8-5CA4D232068D}.Debug|Any CPU.Build.0 = Debug|Any CPU
		{20E2CD48-5F36-4B59-BCC8-5CA4D232068D}.Release|Any CPU.ActiveCfg = Release|Any CPU
		{20E2CD48-5F36-4B59-BCC8-5CA4D232068D}.Release|Any CPU.Build.0 = Release|Any CPU
	EndGlobalSection
EndGlobal
